github.com/mowshon/moviego/v2 v2.0.2 h1:kJpkCL7RRy6Q3Wnfjh6hd+ZusQg8NtD8a7VUijjfRaA=
github.com/mowshon/moviego/v2 v2.0.2/go.mod h1:AO6tggHYbR0gQD4pW/8YAgblbPDx4q0gyuJjFjAN+2Q=
golang.org/x/image v0.41.0 h1:8wS72eGJMJaBxK6okTzd4WaXumUlTVlb753MlsSvTCo=
golang.org/x/image v0.41.0/go.mod h1:uIc348UZMSvS5Z65CVZ7iDPaNobNFEPeJ4kbqTOszmA=
golang.org/x/text v0.37.0 h1:Cqjiwd9eSg8e0QAkyCaQTNHFIIzWtidPahFWR83rTrc=
golang.org/x/text v0.37.0/go.mod h1:a5sjxXGs9hsn/AJVwuElvCAo9v8QYLzvavO5z2PiM38=
